
Microsoft Visual Studio Solution File, Format Version 12.00
# Visual Studio Version 17
VisualStudioVersion = 17.0.31903.59
MinimumVisualStudioVersion = 10.0.40219.1
Project("{FAE04EC0-301F-11D3-BF4B-00C04F79EFBC}") = "TestLibrary", "TestLibrary.csproj", "{56126C4B-0E41-4B7D-9E37-73D2FAA4E8BE}"
EndProject
Project("{FAE04EC0-301F-11D3-BF4B-00C04F79EFBC}") = "DatabaseModifierMod", "DatabaseModifierMod\DatabaseModifierMod.csproj", "{7B2C413A-494B-4F06-9187-59D98DACB485}"
EndProject
Project("{FAE04EC0-301F-11D3-BF4B-00C04F79EFBC}") = "ModManager", "ModManager\ModManager.csproj", "{319F6588-9946-457C-B381-0F407A635D58}"
EndProject
Global
	GlobalSection(SolutionConfigurationPlatforms) = preSolution
		Debug|Any CPU = Debug|Any CPU
		Release|Any CPU = Release|Any CPU
	EndGlobalSection
	GlobalSection(SolutionProperties) = preSolution
		HideSolutionNode = FALSE
	EndGlobalSection
	GlobalSection(ProjectConfigurationPlatforms) = postSolution
		{56126C4B-0E41-4B7D-9E37-73D2FAA4E8BE}.Debug|Any CPU.ActiveCfg = Debug|Any CPU
		{56126C4B-0E41-4B7D-9E37-73D2FAA4E8BE}.Debug|Any CPU.Build.0 = Debug|Any CPU
		{56126C4B-0E41-4B7D-9E37-73D2FAA4E8BE}.Release|Any CPU.ActiveCfg = Release|Any CPU
		{56126C4B-0E41-4B7D-9E37-73D2FAA4E8BE}.Release|Any CPU.Build.0 = Release|Any CPU
		{7B2C413A-494B-4F06-9187-59D98DACB485}.Debug|Any CPU.ActiveCfg = Debug|Any CPU
		{7B2C413A-494B-4F06-9187-59D98DACB485}.Debug|Any CPU.Build.0 = Debug|Any CPU
		{7B2C413A-494B-4F06-9187-59D98DACB485}.Release|Any CPU.ActiveCfg = Release|Any CPU
		{7B2C413A-494B-4F06-9187-59D98DACB485}.Release|Any CPU.Build.0 = Release|Any CPU
		{319F6588-9946-457C-B381-0F407A635D58}.Debug|Any CPU.ActiveCfg = Debug|Any CPU
		{319F6588-9946-457C-B381-0F407A635D58}.Debug|Any CPU.Build.0 = Debug|Any CPU
		{319F6588-9946-457C-B381-0F407A635D58}.Release|Any CPU.ActiveCfg = Release|Any CPU
		{319F6588-9946-457C-B381-0F407A635D58}.Release|Any CPU.Build.0 = Release|Any CPU
	EndGlobalSection
EndGlobal
