
Microsoft Visual Studio Solution File, Format Version 12.00
# Visual Studio Version 17
VisualStudioVersion = 17.0.31903.59
MinimumVisualStudioVersion = 10.0.40219.1
Project("{FAE04EC0-301F-11D3-BF4B-00C04F79EFBC}") = "ModManager", "ModManager\ModManager.csproj", "{319F6588-9946-457C-B381-0F407A635D58}"
EndProject
Project("{FAE04EC0-301F-11D3-BF4B-00C04F79EFBC}") = "SizeIncreaseMod", "SizeIncreaseMod\SizeIncreaseMod.csproj", "{1117EBCF-00D3-492D-8987-7CB8D5EEE414}"
EndProject
Project("{FAE04EC0-301F-11D3-BF4B-00C04F79EFBC}") = "NodeMasterMod", "NodeMasterMod\NodeMasterMod.csproj", "{002CCC0C-C8BE-451D-8037-BF6BDC27CB6D}"
EndProject
Project("{FAE04EC0-301F-11D3-BF4B-00C04F79EFBC}") = "GameSpeedMod", "GameSpeedMod\GameSpeedMod.csproj", "{D97FBA8F-F8EE-4E74-A316-BA72433F1163}"
EndProject
Project("{FAE04EC0-301F-11D3-BF4B-00C04F79EFBC}") = "BossRushMod", "BossRushMod\BossRushMod.csproj", "{E485B2B5-6513-4E00-B40F-CB1A2B2841F4}"
EndProject
Project("{FAE04EC0-301F-11D3-BF4B-00C04F79EFBC}") = "CustomEnemyMod", "CustomEnemyMod\CustomEnemyMod.csproj", "{60D56FA4-FFC8-4AEB-ABAD-EAD8ECAA7FBC}"
EndProject
Global
	GlobalSection(SolutionConfigurationPlatforms) = preSolution
		Debug|Any CPU = Debug|Any CPU
		Release|Any CPU = Release|Any CPU
	EndGlobalSection
	GlobalSection(SolutionProperties) = preSolution
		HideSolutionNode = FALSE
	EndGlobalSection
	GlobalSection(ProjectConfigurationPlatforms) = postSolution
		{319F6588-9946-457C-B381-0F407A635D58}.Debug|Any CPU.ActiveCfg = Debug|Any CPU
		{319F6588-9946-457C-B381-0F407A635D58}.Debug|Any CPU.Build.0 = Debug|Any CPU
		{319F6588-9946-457C-B381-0F407A635D58}.Release|Any CPU.ActiveCfg = Release|Any CPU
		{319F6588-9946-457C-B381-0F407A635D58}.Release|Any CPU.Build.0 = Release|Any CPU
		{1117EBCF-00D3-492D-8987-7CB8D5EEE414}.Debug|Any CPU.ActiveCfg = Debug|Any CPU
		{1117EBCF-00D3-492D-8987-7CB8D5EEE414}.Debug|Any CPU.Build.0 = Debug|Any CPU
		{1117EBCF-00D3-492D-8987-7CB8D5EEE414}.Release|Any CPU.ActiveCfg = Release|Any CPU
		{1117EBCF-00D3-492D-8987-7CB8D5EEE414}.Release|Any CPU.Build.0 = Release|Any CPU
		{002CCC0C-C8BE-451D-8037-BF6BDC27CB6D}.Debug|Any CPU.ActiveCfg = Debug|Any CPU
		{002CCC0C-C8BE-451D-8037-BF6BDC27CB6D}.Debug|Any CPU.Build.0 = Debug|Any CPU
		{002CCC0C-C8BE-451D-8037-BF6BDC27CB6D}.Release|Any CPU.ActiveCfg = Release|Any CPU
		{002CCC0C-C8BE-451D-8037-BF6BDC27CB6D}.Release|Any CPU.Build.0 = Release|Any CPU
		{D97FBA8F-F8EE-4E74-A316-BA72433F1163}.Debug|Any CPU.ActiveCfg = Debug|Any CPU
		{D97FBA8F-F8EE-4E74-A316-BA72433F1163}.Debug|Any CPU.Build.0 = Debug|Any CPU
		{D97FBA8F-F8EE-4E74-A316-BA72433F1163}.Release|Any CPU.ActiveCfg = Release|Any CPU
		{D97FBA8F-F8EE-4E74-A316-BA72433F1163}.Release|Any CPU.Build.0 = Release|Any CPU
		{E485B2B5-6513-4E00-B40F-CB1A2B2841F4}.Debug|Any CPU.ActiveCfg = Debug|Any CPU
		{E485B2B5-6513-4E00-B40F-CB1A2B2841F4}.Debug|Any CPU.Build.0 = Debug|Any CPU
		{E485B2B5-6513-4E00-B40F-CB1A2B2841F4}.Release|Any CPU.ActiveCfg = Release|Any CPU
		{E485B2B5-6513-4E00-B40F-CB1A2B2841F4}.Release|Any CPU.Build.0 = Release|Any CPU
		{60D56FA4-FFC8-4AEB-ABAD-EAD8ECAA7FBC}.Debug|Any CPU.ActiveCfg = Debug|Any CPU
		{60D56FA4-FFC8-4AEB-ABAD-EAD8ECAA7FBC}.Debug|Any CPU.Build.0 = Debug|Any CPU
		{60D56FA4-FFC8-4AEB-ABAD-EAD8ECAA7FBC}.Release|Any CPU.ActiveCfg = Release|Any CPU
		{60D56FA4-FFC8-4AEB-ABAD-EAD8ECAA7FBC}.Release|Any CPU.Build.0 = Release|Any CPU
	EndGlobalSection
EndGlobal
